PODS:
  - AFNetworking (3.1.0):
    - AFNetworking/NSURLSession (= 3.1.0)
    - AFNetworking/Reachability (= 3.1.0)
    - AFNetworking/Security (= 3.1.0)
    - AFNetworking/Serialization (= 3.1.0)
    - AFNetworking/UIKit (= 3.1.0)
  - AFNetworking/NSURLSession (3.1.0):
    - AFNetworking/Reachability
    - AFNetworking/Security
    - AFNetworking/Serialization
  - AFNetworking/Reachability (3.1.0)
  - AFNetworking/Security (3.1.0)
  - AFNetworking/Serialization (3.1.0)
  - AFNetworking/UIKit (3.1.0):
    - AFNetworking/NSURLSession
  - MJRefresh (3.1.12)
  - XHRefreshControl (4.5.4)

DEPENDENCIES:
  - AFNetworking (~> 3.1.0)
  - MJRefresh (~> 3.1.12)
  - XHRefreshControl (~> 4.5.4)

SPEC CHECKSUMS:
  AFNetworking: 5e0e199f73d8626b11e79750991f5d173d1f8b67
  MJRefresh: b96cdb21c4aa75a7b07654311ab2f315c497e806
  XHRefreshControl: 156c759632120718859baa672359873345a2bf12

PODFILE CHECKSUM: 7d62c9ba196864a2e752a3c59ae868be6dfe80c6

COCOAPODS: 1.2.1
